
Microsoft Visual Studio Solution File, Format Version 12.00
# Visual Studio 15
VisualStudioVersion = 15.0.27703.2042
MinimumVisualStudioVersion = 10.0.40219.1
Project("{8BC9CEB8-8B4A-11D0-8D11-00A0C91BC942}") = "drawing-hands", "drawing-hands\drawing-hands.vcxproj", "{6C93322F-CE60-4864-8505-8CC1D1333E5E}"
EndProject
Global
	GlobalSection(SolutionConfigurationPlatforms) = preSolution
		Debug|x64 = Debug|x64
		Debug|x86 = Debug|x86
		Release|x64 = Release|x64
		Release|x86 = Release|x86
	EndGlobalSection
	GlobalSection(ProjectConfigurationPlatforms) = postSolution
		{6C93322F-CE60-4864-8505-8CC1D1333E5E}.Debug|x64.ActiveCfg = Debug|x64
		{6C93322F-CE60-4864-8505-8CC1D1333E5E}.Debug|x64.Build.0 = Debug|x64
		{6C93322F-CE60-4864-8505-8CC1D1333E5E}.Debug|x86.ActiveCfg = Debug|Win32
		{6C93322F-CE60-4864-8505-8CC1D1333E5E}.Debug|x86.Build.0 = Debug|Win32
		{6C93322F-CE60-4864-8505-8CC1D1333E5E}.Release|x64.ActiveCfg = Release|x64
		{6C93322F-CE60-4864-8505-8CC1D1333E5E}.Release|x64.Build.0 = Release|x64
		{6C93322F-CE60-4864-8505-8CC1D1333E5E}.Release|x86.ActiveCfg = Release|Win32
		{6C93322F-CE60-4864-8505-8CC1D1333E5E}.Release|x86.Build.0 = Release|Win32
	EndGlobalSection
	GlobalSection(SolutionProperties) = preSolution
		HideSolutionNode = FALSE
	EndGlobalSection
	GlobalSection(ExtensibilityGlobals) = postSolution
		SolutionGuid = {2DC95F1E-4606-482E-8F31-E65DC9EF6A47}
	EndGlobalSection
EndGlobal
